Microsoft Visual Studio Solution File, Format Version 12.00
# Visual Studio 15
VisualStudioVersion = 15.0.26730.10
MinimumVisualStudioVersion = 10.0.40219.1
Project("{FAE04EC0-301F-11D3-BF4B-00C04F79EFBC}") = "RedditShowerThoughts", "RedditShowerThoughts.csproj", "{901547B8-CBFC-4453-B7A0-EAD1D92BEF23}"
EndProject
Project("{FAE04EC0-301F-11D3-BF4B-00C04F79EFBC}") = "RedditShowerThoughts.iOS", "iOS\RedditShowerThoughts.iOS.csproj", "{62CA4E2A-E404-425C-B0B6-1DFCE2F2E6DE}"
EndProject
Project("{FAE04EC0-301F-11D3-BF4B-00C04F79EFBC}") = "RedditShowerThoughts.Droid", "Droid\RedditShowerThoughts.Droid.csproj", "{567A65AB-4F9E-4154-BA1C-D32182D1B01D}"
EndProject
Project("{2150E333-8FDC-42A3-9474-1A3956D46DE8}") = "Platform", "Platform", "{EAA1F5B5-E1CE-4782-B2CB-FC00B82460B0}"
EndProject
Project("{2150E333-8FDC-42A3-9474-1A3956D46DE8}") = "Shared", "Shared", "{DFA6FFD2-0EFB-4552-8CFD-DB44E1CE78C1}"
EndProject
Project("{FAE04EC0-301F-11D3-BF4B-00C04F79EFBC}") = "RedditShowerThoughts.UWP", "UWP\RedditShowerThoughts.UWP.csproj", "{067117C1-EF8D-444B-B32C-794A523BBCA5}"
EndProject
Global
	GlobalSection(SolutionConfigurationPlatforms) = preSolution
		Debug|Any CPU = Debug|Any CPU
		Debug|ARM = Debug|ARM
		Debug|iPhone = Debug|iPhone
		Debug|iPhoneSimulator = Debug|iPhoneSimulator
		Debug|x64 = Debug|x64
		Debug|x86 = Debug|x86
		Release|Any CPU = Release|Any CPU
		Release|ARM = Release|ARM
		Release|iPhone = Release|iPhone
		Release|iPhoneSimulator = Release|iPhoneSimulator
		Release|x64 = Release|x64
		Release|x86 = Release|x86
	EndGlobalSection
	GlobalSection(ProjectConfigurationPlatforms) = postSolution
		{901547B8-CBFC-4453-B7A0-EAD1D92BEF23}.Debug|Any CPU.ActiveCfg = Debug|Any CPU
		{901547B8-CBFC-4453-B7A0-EAD1D92BEF23}.Debug|Any CPU.Build.0 = Debug|Any CPU
		{901547B8-CBFC-4453-B7A0-EAD1D92BEF23}.Debug|ARM.ActiveCfg = Debug|Any CPU
		{901547B8-CBFC-4453-B7A0-EAD1D92BEF23}.Debug|ARM.Build.0 = Debug|Any CPU
		{901547B8-CBFC-4453-B7A0-EAD1D92BEF23}.Debug|iPhone.ActiveCfg = Debug|Any CPU
		{901547B8-CBFC-4453-B7A0-EAD1D92BEF23}.Debug|iPhone.Build.0 = Debug|Any CPU
		{901547B8-CBFC-4453-B7A0-EAD1D92BEF23}.Debug|iPhoneSimulator.ActiveCfg = Debug|Any CPU
		{901547B8-CBFC-4453-B7A0-EAD1D92BEF23}.Debug|iPhoneSimulator.Build.0 = Debug|Any CPU
		{901547B8-CBFC-4453-B7A0-EAD1D92BEF23}.Debug|x64.ActiveCfg = Debug|Any CPU
		{901547B8-CBFC-4453-B7A0-EAD1D92BEF23}.Debug|x64.Build.0 = Debug|Any CPU
		{901547B8-CBFC-4453-B7A0-EAD1D92BEF23}.Debug|x86.ActiveCfg = Debug|Any CPU
		{901547B8-CBFC-4453-B7A0-EAD1D92BEF23}.Debug|x86.Build.0 = Debug|Any CPU
		{901547B8-CBFC-4453-B7A0-EAD1D92BEF23}.Release|Any CPU.ActiveCfg = Release|Any CPU
		{901547B8-CBFC-4453-B7A0-EAD1D92BEF23}.Release|Any CPU.Build.0 = Release|Any CPU
		{901547B8-CBFC-4453-B7A0-EAD1D92BEF23}.Release|ARM.ActiveCfg = Release|Any CPU
		{901547B8-CBFC-4453-B7A0-EAD1D92BEF23}.Release|ARM.Build.0 = Release|Any CPU
		{901547B8-CBFC-4453-B7A0-EAD1D92BEF23}.Release|iPhone.ActiveCfg = Release|Any CPU
		{901547B8-CBFC-4453-B7A0-EAD1D92BEF23}.Release|iPhone.Build.0 = Release|Any CPU
		{901547B8-CBFC-4453-B7A0-EAD1D92BEF23}.Release|iPhoneSimulator.ActiveCfg = Release|Any CPU
		{901547B8-CBFC-4453-B7A0-EAD1D92BEF23}.Release|iPhoneSimulator.Build.0 = Release|Any CPU
		{901547B8-CBFC-4453-B7A0-EAD1D92BEF23}.Release|x64.ActiveCfg = Release|Any CPU
		{901547B8-CBFC-4453-B7A0-EAD1D92BEF23}.Release|x64.Build.0 = Release|Any CPU
		{901547B8-CBFC-4453-B7A0-EAD1D92BEF23}.Release|x86.ActiveCfg = Release|Any CPU
		{901547B8-CBFC-4453-B7A0-EAD1D92BEF23}.Release|x86.Build.0 = Release|Any CPU
		{62CA4E2A-E404-425C-B0B6-1DFCE2F2E6DE}.Debug|Any CPU.ActiveCfg = Debug|iPhoneSimulator
		{62CA4E2A-E404-425C-B0B6-1DFCE2F2E6DE}.Debug|Any CPU.Build.0 = Debug|iPhoneSimulator
		{62CA4E2A-E404-425C-B0B6-1DFCE2F2E6DE}.Debug|ARM.ActiveCfg = Debug|iPhone
		{62CA4E2A-E404-425C-B0B6-1DFCE2F2E6DE}.Debug|iPhone.ActiveCfg = Debug|iPhone
		{62CA4E2A-E404-425C-B0B6-1DFCE2F2E6DE}.Debug|iPhone.Build.0 = Debug|iPhone
		{62CA4E2A-E404-425C-B0B6-1DFCE2F2E6DE}.Debug|iPhoneSimulator.ActiveCfg = Debug|iPhoneSimulator
		{62CA4E2A-E404-425C-B0B6-1DFCE2F2E6DE}.Debug|iPhoneSimulator.Build.0 = Debug|iPhoneSimulator
		{62CA4E2A-E404-425C-B0B6-1DFCE2F2E6DE}.Debug|x64.ActiveCfg = Debug|iPhone
		{62CA4E2A-E404-425C-B0B6-1DFCE2F2E6DE}.Debug|x86.ActiveCfg = Debug|iPhone
		{62CA4E2A-E404-425C-B0B6-1DFCE2F2E6DE}.Release|Any CPU.ActiveCfg = Release|iPhone
		{62CA4E2A-E404-425C-B0B6-1DFCE2F2E6DE}.Release|Any CPU.Build.0 = Release|iPhone
		{62CA4E2A-E404-425C-B0B6-1DFCE2F2E6DE}.Release|ARM.ActiveCfg = Release|iPhoneSimulator
		{62CA4E2A-E404-425C-B0B6-1DFCE2F2E6DE}.Release|iPhone.ActiveCfg = Release|iPhone
		{62CA4E2A-E404-425C-B0B6-1DFCE2F2E6DE}.Release|iPhone.Build.0 = Release|iPhone
		{62CA4E2A-E404-425C-B0B6-1DFCE2F2E6DE}.Release|iPhoneSimulator.ActiveCfg = Release|iPhoneSimulator
		{62CA4E2A-E404-425C-B0B6-1DFCE2F2E6DE}.Release|iPhoneSimulator.Build.0 = Release|iPhoneSimulator
		{62CA4E2A-E404-425C-B0B6-1DFCE2F2E6DE}.Release|x64.ActiveCfg = Release|iPhoneSimulator
		{62CA4E2A-E404-425C-B0B6-1DFCE2F2E6DE}.Release|x86.ActiveCfg = Release|iPhoneSimulator
		{567A65AB-4F9E-4154-BA1C-D32182D1B01D}.Debug|Any CPU.ActiveCfg = Debug|Any CPU
		{567A65AB-4F9E-4154-BA1C-D32182D1B01D}.Debug|Any CPU.Build.0 = Debug|Any CPU
		{567A65AB-4F9E-4154-BA1C-D32182D1B01D}.Debug|Any CPU.Deploy.0 = Debug|Any CPU
		{567A65AB-4F9E-4154-BA1C-D32182D1B01D}.Debug|ARM.ActiveCfg = Debug|Any CPU
		{567A65AB-4F9E-4154-BA1C-D32182D1B01D}.Debug|ARM.Build.0 = Debug|Any CPU
		{567A65AB-4F9E-4154-BA1C-D32182D1B01D}.Debug|ARM.Deploy.0 = Debug|Any CPU
		{567A65AB-4F9E-4154-BA1C-D32182D1B01D}.Debug|iPhone.ActiveCfg = Debug|Any CPU
		{567A65AB-4F9E-4154-BA1C-D32182D1B01D}.Debug|iPhone.Build.0 = Debug|Any CPU
		{567A65AB-4F9E-4154-BA1C-D32182D1B01D}.Debug|iPhoneSimulator.ActiveCfg = Debug|Any CPU
		{567A65AB-4F9E-4154-BA1C-D32182D1B01D}.Debug|iPhoneSimulator.Build.0 = Debug|Any CPU
		{567A65AB-4F9E-4154-BA1C-D32182D1B01D}.Debug|x64.ActiveCfg = Debug|Any CPU
		{567A65AB-4F9E-4154-BA1C-D32182D1B01D}.Debug|x64.Build.0 = Debug|Any CPU
		{567A65AB-4F9E-4154-BA1C-D32182D1B01D}.Debug|x64.Deploy.0 = Debug|Any CPU
		{567A65AB-4F9E-4154-BA1C-D32182D1B01D}.Debug|x86.ActiveCfg = Debug|Any CPU
		{567A65AB-4F9E-4154-BA1C-D32182D1B01D}.Debug|x86.Build.0 = Debug|Any CPU
		{567A65AB-4F9E-4154-BA1C-D32182D1B01D}.Debug|x86.Deploy.0 = Debug|Any CPU
		{567A65AB-4F9E-4154-BA1C-D32182D1B01D}.Release|Any CPU.ActiveCfg = Release|Any CPU
		{567A65AB-4F9E-4154-BA1C-D32182D1B01D}.Release|Any CPU.Build.0 = Release|Any CPU
		{567A65AB-4F9E-4154-BA1C-D32182D1B01D}.Release|ARM.ActiveCfg = Release|Any CPU
		{567A65AB-4F9E-4154-BA1C-D32182D1B01D}.Release|ARM.Build.0 = Release|Any CPU
		{567A65AB-4F9E-4154-BA1C-D32182D1B01D}.Release|ARM.Deploy.0 = Release|Any CPU
		{567A65AB-4F9E-4154-BA1C-D32182D1B01D}.Release|iPhone.ActiveCfg = Release|Any CPU
		{567A65AB-4F9E-4154-BA1C-D32182D1B01D}.Release|iPhone.Build.0 = Release|Any CPU
		{567A65AB-4F9E-4154-BA1C-D32182D1B01D}.Release|iPhoneSimulator.ActiveCfg = Release|Any CPU
		{567A65AB-4F9E-4154-BA1C-D32182D1B01D}.Release|iPhoneSimulator.Build.0 = Release|Any CPU
		{567A65AB-4F9E-4154-BA1C-D32182D1B01D}.Release|x64.ActiveCfg = Release|Any CPU
		{567A65AB-4F9E-4154-BA1C-D32182D1B01D}.Release|x64.Build.0 = Release|Any CPU
		{567A65AB-4F9E-4154-BA1C-D32182D1B01D}.Release|x64.Deploy.0 = Release|Any CPU
		{567A65AB-4F9E-4154-BA1C-D32182D1B01D}.Release|x86.ActiveCfg = Release|Any CPU
		{567A65AB-4F9E-4154-BA1C-D32182D1B01D}.Release|x86.Build.0 = Release|Any CPU
		{567A65AB-4F9E-4154-BA1C-D32182D1B01D}.Release|x86.Deploy.0 = Release|Any CPU
		{067117C1-EF8D-444B-B32C-794A523BBCA5}.Debug|Any CPU.ActiveCfg = Debug|x86
		{067117C1-EF8D-444B-B32C-794A523BBCA5}.Debug|ARM.ActiveCfg = Debug|ARM
		{067117C1-EF8D-444B-B32C-794A523BBCA5}.Debug|ARM.Build.0 = Debug|ARM
		{067117C1-EF8D-444B-B32C-794A523BBCA5}.Debug|ARM.Deploy.0 = Debug|ARM
		{067117C1-EF8D-444B-B32C-794A523BBCA5}.Debug|iPhone.ActiveCfg = Debug|x86
		{067117C1-EF8D-444B-B32C-794A523BBCA5}.Debug|iPhoneSimulator.ActiveCfg = Debug|x86
		{067117C1-EF8D-444B-B32C-794A523BBCA5}.Debug|x64.ActiveCfg = Debug|x64
		{067117C1-EF8D-444B-B32C-794A523BBCA5}.Debug|x64.Build.0 = Debug|x64
		{067117C1-EF8D-444B-B32C-794A523BBCA5}.Debug|x64.Deploy.0 = Debug|x64
		{067117C1-EF8D-444B-B32C-794A523BBCA5}.Debug|x86.ActiveCfg = Debug|x86
		{067117C1-EF8D-444B-B32C-794A523BBCA5}.Debug|x86.Build.0 = Debug|x86
		{067117C1-EF8D-444B-B32C-794A523BBCA5}.Debug|x86.Deploy.0 = Debug|x86
		{067117C1-EF8D-444B-B32C-794A523BBCA5}.Release|Any CPU.ActiveCfg = Release|x86
		{067117C1-EF8D-444B-B32C-794A523BBCA5}.Release|ARM.ActiveCfg = Release|ARM
		{067117C1-EF8D-444B-B32C-794A523BBCA5}.Release|ARM.Build.0 = Release|ARM
		{067117C1-EF8D-444B-B32C-794A523BBCA5}.Release|ARM.Deploy.0 = Release|ARM
		{067117C1-EF8D-444B-B32C-794A523BBCA5}.Release|iPhone.ActiveCfg = Release|x86
		{067117C1-EF8D-444B-B32C-794A523BBCA5}.Release|iPhoneSimulator.ActiveCfg = Release|x86
		{067117C1-EF8D-444B-B32C-794A523BBCA5}.Release|x64.ActiveCfg = Release|x64
		{067117C1-EF8D-444B-B32C-794A523BBCA5}.Release|x64.Build.0 = Release|x64
		{067117C1-EF8D-444B-B32C-794A523BBCA5}.Release|x64.Deploy.0 = Release|x64
		{067117C1-EF8D-444B-B32C-794A523BBCA5}.Release|x86.ActiveCfg = Release|x86
		{067117C1-EF8D-444B-B32C-794A523BBCA5}.Release|x86.Build.0 = Release|x86
		{067117C1-EF8D-444B-B32C-794A523BBCA5}.Release|x86.Deploy.0 = Release|x86
	EndGlobalSection
	GlobalSection(SolutionProperties) = preSolution
		HideSolutionNode = FALSE
	EndGlobalSection
	GlobalSection(NestedProjects) = preSolution
		{901547B8-CBFC-4453-B7A0-EAD1D92BEF23} = {DFA6FFD2-0EFB-4552-8CFD-DB44E1CE78C1}
		{62CA4E2A-E404-425C-B0B6-1DFCE2F2E6DE} = {EAA1F5B5-E1CE-4782-B2CB-FC00B82460B0}
		{567A65AB-4F9E-4154-BA1C-D32182D1B01D} = {EAA1F5B5-E1CE-4782-B2CB-FC00B82460B0}
		{067117C1-EF8D-444B-B32C-794A523BBCA5} = {EAA1F5B5-E1CE-4782-B2CB-FC00B82460B0}
	EndGlobalSection
	GlobalSection(ExtensibilityGlobals) = postSolution
		SolutionGuid = {06F637EA-6390-4A59-AF37-81A9FABDCA39}
	EndGlobalSection
EndGlobal
